
Microsoft Visual Studio Solution File, Format Version 12.00
# Visual Studio Version 17
VisualStudioVersion = 17.3.32819.101
MinimumVisualStudioVersion = 10.0.40219.1
Project("{9A19103F-16F7-4668-BE54-9A1E7A4F7556}") = "allsvenskanMVC", "allsvenskanMVC.csproj", "{5BC76FEB-D59B-4232-8DBC-5BFE894BD2A5}"
EndProject
Global
	GlobalSection(SolutionConfigurationPlatforms) = preSolution
		Debug|Any CPU = Debug|Any CPU
		Release|Any CPU = Release|Any CPU
	EndGlobalSection
	GlobalSection(ProjectConfigurationPlatforms) = postSolution
		{5BC76FEB-D59B-4232-8DBC-5BFE894BD2A5}.Debug|Any CPU.ActiveCfg = Debug|Any CPU
		{5BC76FEB-D59B-4232-8DBC-5BFE894BD2A5}.Debug|Any CPU.Build.0 = Debug|Any CPU
		{5BC76FEB-D59B-4232-8DBC-5BFE894BD2A5}.Release|Any CPU.ActiveCfg = Release|Any CPU
		{5BC76FEB-D59B-4232-8DBC-5BFE894BD2A5}.Release|Any CPU.Build.0 = Release|Any CPU
	EndGlobalSection
	GlobalSection(SolutionProperties) = preSolution
		HideSolutionNode = FALSE
	EndGlobalSection
	GlobalSection(ExtensibilityGlobals) = postSolution
		SolutionGuid = {6369F3CA-AB56-46FC-821A-051C74711B42}
	EndGlobalSection
EndGlobal
